
Microsoft Visual Studio Solution File, Format Version 12.00
# Visual Studio Version 17
VisualStudioVersion = 17.4.33205.214
MinimumVisualStudioVersion = 10.0.40219.1
Project("{9A19103F-16F7-4668-BE54-9A1E7A4F7556}") = "Domain", "Domain\Domain.csproj", "{7A87FA04-89E4-499D-A890-018F5E1C5FB4}"
EndProject
Project("{9A19103F-16F7-4668-BE54-9A1E7A4F7556}") = "Application", "Application\Application.csproj", "{804C2252-3D7B-4E27-9CBC-900D269F7CAE}"
EndProject
Project("{9A19103F-16F7-4668-BE54-9A1E7A4F7556}") = "Infrastructure", "Infrastructure\Infrastructure.csproj", "{AD41B71D-819E-46A2-91B4-F93555072B86}"
EndProject
Project("{9A19103F-16F7-4668-BE54-9A1E7A4F7556}") = "Presentation", "Presentation\Presentation.csproj", "{FC0C6FF8-86D1-421E-9BB5-1C5DEBA7A26E}"
EndProject
Global
	GlobalSection(SolutionConfigurationPlatforms) = preSolution
		Debug|Any CPU = Debug|Any CPU
		Release|Any CPU = Release|Any CPU
	EndGlobalSection
	GlobalSection(ProjectConfigurationPlatforms) = postSolution
		{7A87FA04-89E4-499D-A890-018F5E1C5FB4}.Debug|Any CPU.ActiveCfg = Debug|Any CPU
		{7A87FA04-89E4-499D-A890-018F5E1C5FB4}.Debug|Any CPU.Build.0 = Debug|Any CPU
		{7A87FA04-89E4-499D-A890-018F5E1C5FB4}.Release|Any CPU.ActiveCfg = Release|Any CPU
		{7A87FA04-89E4-499D-A890-018F5E1C5FB4}.Release|Any CPU.Build.0 = Release|Any CPU
		{804C2252-3D7B-4E27-9CBC-900D269F7CAE}.Debug|Any CPU.ActiveCfg = Debug|Any CPU
		{804C2252-3D7B-4E27-9CBC-900D269F7CAE}.Debug|Any CPU.Build.0 = Debug|Any CPU
		{804C2252-3D7B-4E27-9CBC-900D269F7CAE}.Release|Any CPU.ActiveCfg = Release|Any CPU
		{804C2252-3D7B-4E27-9CBC-900D269F7CAE}.Release|Any CPU.Build.0 = Release|Any CPU
		{AD41B71D-819E-46A2-91B4-F93555072B86}.Debug|Any CPU.ActiveCfg = Debug|Any CPU
		{AD41B71D-819E-46A2-91B4-F93555072B86}.Debug|Any CPU.Build.0 = Debug|Any CPU
		{AD41B71D-819E-46A2-91B4-F93555072B86}.Release|Any CPU.ActiveCfg = Release|Any CPU
		{AD41B71D-819E-46A2-91B4-F93555072B86}.Release|Any CPU.Build.0 = Release|Any CPU
		{FC0C6FF8-86D1-421E-9BB5-1C5DEBA7A26E}.Debug|Any CPU.ActiveCfg = Debug|Any CPU
		{FC0C6FF8-86D1-421E-9BB5-1C5DEBA7A26E}.Debug|Any CPU.Build.0 = Debug|Any CPU
		{FC0C6FF8-86D1-421E-9BB5-1C5DEBA7A26E}.Release|Any CPU.ActiveCfg = Release|Any CPU
		{FC0C6FF8-86D1-421E-9BB5-1C5DEBA7A26E}.Release|Any CPU.Build.0 = Release|Any CPU
	EndGlobalSection
	GlobalSection(SolutionProperties) = preSolution
		HideSolutionNode = FALSE
	EndGlobalSection
	GlobalSection(ExtensibilityGlobals) = postSolution
		SolutionGuid = {3E7A8588-2358-4698-9A89-064F8E887523}
	EndGlobalSection
EndGlobal
